
Microsoft Visual Studio Solution File, Format Version 12.00
# Visual Studio Version 16
VisualStudioVersion = 16.0.29920.165
MinimumVisualStudioVersion = 10.0.40219.1
Project("{FAE04EC0-301F-11D3-BF4B-00C04F79EFBC}") = "Dictionary", "Dictionary.csproj", "{8B2E86A3-BA54-434B-8DAD-F3EFEDBD8B5F}"
EndProject
Global
	GlobalSection(SolutionConfigurationPlatforms) = preSolution
		Debug|Any CPU = Debug|Any CPU
		Release|Any CPU = Release|Any CPU
	EndGlobalSection
	GlobalSection(ProjectConfigurationPlatforms) = postSolution
		{8B2E86A3-BA54-434B-8DAD-F3EFEDBD8B5F}.Debug|Any CPU.ActiveCfg = Debug|Any CPU
		{8B2E86A3-BA54-434B-8DAD-F3EFEDBD8B5F}.Debug|Any CPU.Build.0 = Debug|Any CPU
		{8B2E86A3-BA54-434B-8DAD-F3EFEDBD8B5F}.Release|Any CPU.ActiveCfg = Release|Any CPU
		{8B2E86A3-BA54-434B-8DAD-F3EFEDBD8B5F}.Release|Any CPU.Build.0 = Release|Any CPU
	EndGlobalSection
	GlobalSection(SolutionProperties) = preSolution
		HideSolutionNode = FALSE
	EndGlobalSection
	GlobalSection(ExtensibilityGlobals) = postSolution
		SolutionGuid = {5FD43936-FCCF-4B27-B60D-D4467787143E}
	EndGlobalSection
EndGlobal
